
Microsoft Visual Studio Solution File, Format Version 12.00
# Visual Studio Version 16
VisualStudioVersion = 16.0.30611.23
MinimumVisualStudioVersion = 10.0.40219.1
Project("{FAE04EC0-301F-11D3-BF4B-00C04F79EFBC}") = "ChargerNet.Android", "ChargerNet\ChargerNet.Android\ChargerNet.Android.csproj", "{24682337-48FC-4367-BB84-F1B24F0FF6DE}"
EndProject
Project("{FAE04EC0-301F-11D3-BF4B-00C04F79EFBC}") = "ChargerNet", "ChargerNet\ChargerNet\ChargerNet.csproj", "{1FFC6D06-2963-46E5-AB31-B2B4AD69D5C3}"
EndProject
Global
	GlobalSection(SolutionConfigurationPlatforms) = preSolution
		Debug|Any CPU = Debug|Any CPU
		Release|Any CPU = Release|Any CPU
	EndGlobalSection
	GlobalSection(ProjectConfigurationPlatforms) = postSolution
		{24682337-48FC-4367-BB84-F1B24F0FF6DE}.Debug|Any CPU.ActiveCfg = Debug|Any CPU
		{24682337-48FC-4367-BB84-F1B24F0FF6DE}.Debug|Any CPU.Build.0 = Debug|Any CPU
		{24682337-48FC-4367-BB84-F1B24F0FF6DE}.Debug|Any CPU.Deploy.0 = Debug|Any CPU
		{24682337-48FC-4367-BB84-F1B24F0FF6DE}.Release|Any CPU.ActiveCfg = Release|Any CPU
		{24682337-48FC-4367-BB84-F1B24F0FF6DE}.Release|Any CPU.Build.0 = Release|Any CPU
		{24682337-48FC-4367-BB84-F1B24F0FF6DE}.Release|Any CPU.Deploy.0 = Release|Any CPU
		{1FFC6D06-2963-46E5-AB31-B2B4AD69D5C3}.Debug|Any CPU.ActiveCfg = Debug|Any CPU
		{1FFC6D06-2963-46E5-AB31-B2B4AD69D5C3}.Debug|Any CPU.Build.0 = Debug|Any CPU
		{1FFC6D06-2963-46E5-AB31-B2B4AD69D5C3}.Debug|Any CPU.Deploy.0 = Debug|Any CPU
		{1FFC6D06-2963-46E5-AB31-B2B4AD69D5C3}.Release|Any CPU.ActiveCfg = Release|Any CPU
		{1FFC6D06-2963-46E5-AB31-B2B4AD69D5C3}.Release|Any CPU.Build.0 = Release|Any CPU
		{1FFC6D06-2963-46E5-AB31-B2B4AD69D5C3}.Release|Any CPU.Deploy.0 = Release|Any CPU
	EndGlobalSection
	GlobalSection(SolutionProperties) = preSolution
		HideSolutionNode = FALSE
	EndGlobalSection
	GlobalSection(ExtensibilityGlobals) = postSolution
		SolutionGuid = {2D43B1A0-35B7-4F2F-A4C3-BA2C6F4B193B}
	EndGlobalSection
EndGlobal
